// !$*UTF8*$!
{
	archiveVersion = 1;
	classes = {
	};
	objectVersion = 46;
	objects = {

/* Begin PBXBuildFile section */
		3105FB011E86D1F20019573D /* main.cpp in Sources */ = {isa = PBXBuildFile; fileRef = 3105FB001E86D1F20019573D /* main.cpp */; };
		3105FB051E86D2070019573D /* test_FFTWrapper.cpp in Sources */ = {isa = PBXBuildFile; fileRef = 3105FB021E86D2070019573D /* test_FFTWrapper.cpp */; };
/* End PBXBuildFile section */

/* Begin PBXCopyFilesBuildPhase section */
		3105FAF21E86CCFE0019573D /* CopyFiles */ = {
			isa = PBXCopyFilesBuildPhase;
			buildActionMask = 2147483647;
			dstPath = /usr/share/man/man1/;
			dstSubfolderSpec = 0;
			files = (
			);
			runOnlyForDeploymentPostprocessing = 1;
		};
/* End PBXCopyFilesBuildPhase section */

/* Begin PBXFileReference section */
		3105FAF41E86CCFE0019573D /* FFTWrapper */ = {isa = PBXFileReference; explicitFileType = "compiled.mach-o.executable"; includeInIndex = 0; path = FFTWrapper; sourceTree = BUILT_PRODUCTS_DIR; };
		3105FAFE1E86CD270019573D /* catch.hh */ = {isa = PBXFileReference; fileEncoding = 4; lastKnownFileType = sourcecode.cpp.h; name = catch.hh; path = ../catch.hh; sourceTree = "<group>"; };
		3105FB001E86D1F20019573D /* main.cpp */ = {isa = PBXFileReference; fileEncoding = 4; lastKnownFileType = sourcecode.cpp.cpp; name = main.cpp; path = src/main.cpp; sourceTree = SOURCE_ROOT; };
		3105FB021E86D2070019573D /* test_FFTWrapper.cpp */ = {isa = PBXFileReference; fileEncoding = 4; lastKnownFileType = sourcecode.cpp.cpp; name = test_FFTWrapper.cpp; path = src/test_FFTWrapper.cpp; sourceTree = SOURCE_ROOT; };
		3105FB041E86D2070019573D /* FFTWrapper.h */ = {isa = PBXFileReference; fileEncoding = 4; lastKnownFileType = sourcecode.c.h; name = FFTWrapper.h; path = src/FFTWrapper.h; sourceTree = SOURCE_ROOT; };
		3105FB091E88550E0019573D /* testProcessor.xcconfig */ = {isa = PBXFileReference; fileEncoding = 4; lastKnownFileType = text.xcconfig; path = testProcessor.xcconfig; sourceTree = "<group>"; };
/* End PBXFileReference section */

/* Begin PBXFrameworksBuildPhase section */
		3105FAF11E86CCFE0019573D /* Frameworks */ = {
			isa = PBXFrameworksBuildPhase;
			buildActionMask = 2147483647;
			files = (
			);
			runOnlyForDeploymentPostprocessing = 0;
		};
/* End PBXFrameworksBuildPhase section */

/* Begin PBXGroup section */
		3105FAEB1E86CCFD0019573D = {
			isa = PBXGroup;
			children = (
				3105FB091E88550E0019573D /* testProcessor.xcconfig */,
				3105FAF61E86CCFE0019573D /* FFTWrapper */,
				3105FAF51E86CCFE0019573D /* Products */,
				3105FAFE1E86CD270019573D /* catch.hh */,
			);
			sourceTree = "<group>";
		};
		3105FAF51E86CCFE0019573D /* Products */ = {
			isa = PBXGroup;
			children = (
				3105FAF41E86CCFE0019573D /* FFTWrapper */,
			);
			name = Products;
			sourceTree = "<group>";
		};
		3105FAF61E86CCFE0019573D /* FFTWrapper */ = {
			isa = PBXGroup;
			children = (
				3105FB041E86D2070019573D /* FFTWrapper.h */,
				3105FAFF1E86D1B80019573D /* Unit Test */,
			);
			path = FFTWrapper;
			sourceTree = "<group>";
		};
		3105FAFF1E86D1B80019573D /* Unit Test */ = {
			isa = PBXGroup;
			children = (
				3105FB001E86D1F20019573D /* main.cpp */,
				3105FB021E86D2070019573D /* test_FFTWrapper.cpp */,
			);
			name = "Unit Test";
			sourceTree = "<group>";
		};
/* End PBXGroup section */

/* Begin PBXNativeTarget section */
		3105FAF31E86CCFE0019573D /* FFTWrapper */ = {
			isa = PBXNativeTarget;
			buildConfigurationList = 3105FAFB1E86CCFE0019573D /* Build configuration list for PBXNativeTarget "FFTWrapper" */;
			buildPhases = (
				3105FAF01E86CCFE0019573D /* Sources */,
				3105FAF11E86CCFE0019573D /* Frameworks */,
				3105FAF21E86CCFE0019573D /* CopyFiles */,
			);
			buildRules = (
			);
			dependencies = (
			);
			name = FFTWrapper;
			productName = FFTWrapper;
			productReference = 3105FAF41E86CCFE0019573D /* FFTWrapper */;
			productType = "com.apple.product-type.tool";
		};
/* End PBXNativeTarget section */

/* Begin PBXProject section */
		3105FAEC1E86CCFD0019573D /* Project object */ = {
			isa = PBXProject;
			attributes = {
				LastUpgradeCheck = 0820;
				ORGANIZATIONNAME = dino;
				TargetAttributes = {
					3105FAF31E86CCFE0019573D = {
						CreatedOnToolsVersion = 8.2.1;
						ProvisioningStyle = Automatic;
					};
				};
			};
			buildConfigurationList = 3105FAEF1E86CCFD0019573D /* Build configuration list for PBXProject "FFTWrapper" */;
			compatibilityVersion = "Xcode 3.2";
			developmentRegion = English;
			hasScannedForEncodings = 0;
			knownRegions = (
				en,
			);
			mainGroup = 3105FAEB1E86CCFD0019573D;
			productRefGroup = 3105FAF51E86CCFE0019573D /* Products */;
			projectDirPath = "";
			projectRoot = "";
			targets = (
				3105FAF31E86CCFE0019573D /* FFTWrapper */,
			);
		};
/* End PBXProject section */

/* Begin PBXSourcesBuildPhase section */
		3105FAF01E86CCFE0019573D /* Sources */ = {
			isa = PBXSourcesBuildPhase;
			buildActionMask = 2147483647;
			files = (
				3105FB051E86D2070019573D /* test_FFTWrapper.cpp in Sources */,
				3105FB011E86D1F20019573D /* main.cpp in Sources */,
			);
			runOnlyForDeploymentPostprocessing = 0;
		};
/* End PBXSourcesBuildPhase section */

/* Begin XCBuildConfiguration section */
		3105FAF91E86CCFE0019573D /* Debug */ = {
			isa = XCBuildConfiguration;
			buildSettings = {
				ALWAYS_SEARCH_USER_PATHS = NO;
				CLANG_ANALYZER_NONNULL = YES;
				CLANG_CXX_LANGUAGE_STANDARD = "gnu++0x";
				CLANG_CXX_LIBRARY = "libc++";
				CLANG_ENABLE_MODULES = YES;
				CLANG_ENABLE_OBJC_ARC = YES;
				CLANG_WARN_BOOL_CONVERSION = YES;
				CLANG_WARN_CONSTANT_CONVERSION = YES;
				CLANG_WARN_DIRECT_OBJC_ISA_USAGE = YES_ERROR;
				CLANG_WARN_DOCUMENTATION_COMMENTS = YES;
				CLANG_WARN_EMPTY_BODY = YES;
				CLANG_WARN_ENUM_CONVERSION = YES;
				CLANG_WARN_INFINITE_RECURSION = YES;
				CLANG_WARN_INT_CONVERSION = YES;
				CLANG_WARN_OBJC_ROOT_CLASS = YES_ERROR;
				CLANG_WARN_SUSPICIOUS_MOVE = YES;
				CLANG_WARN_UNREACHABLE_CODE = YES;
				CLANG_WARN__DUPLICATE_METHOD_MATCH = YES;
				CODE_SIGN_IDENTITY = "-";
				COPY_PHASE_STRIP = NO;
				DEBUG_INFORMATION_FORMAT = dwarf;
				ENABLE_STRICT_OBJC_MSGSEND = YES;
				ENABLE_TESTABILITY = YES;
				GCC_C_LANGUAGE_STANDARD = gnu99;
				GCC_DYNAMIC_NO_PIC = NO;
				GCC_NO_COMMON_BLOCKS = YES;
				GCC_OPTIMIZATION_LEVEL = 0;
				GCC_PREPROCESSOR_DEFINITIONS = (
					"DEBUG=1",
					"$(inherited)",
				);
				GCC_WARN_64_TO_32_BIT_CONVERSION = YES;
				GCC_WARN_ABOUT_RETURN_TYPE = YES_ERROR;
				GCC_WARN_UNDECLARED_SELECTOR = YES;
				GCC_WARN_UNINITIALIZED_AUTOS = YES_AGGRESSIVE;
				GCC_WARN_UNUSED_FUNCTION = YES;
				GCC_WARN_UNUSED_VARIABLE = YES;
				MACOSX_DEPLOYMENT_TARGET = 10.12;
				MTL_ENABLE_DEBUG_INFO = YES;
				ONLY_ACTIVE_ARCH = YES;
				SDKROOT = macosx;
			};
			name = Debug;
		};
		3105FAFA1E86CCFE0019573D /* Release */ = {
			isa = XCBuildConfiguration;
			buildSettings = {
				ALWAYS_SEARCH_USER_PATHS = NO;
				CLANG_ANALYZER_NONNULL = YES;
				CLANG_CXX_LANGUAGE_STANDARD = "gnu++0x";
				CLANG_CXX_LIBRARY = "libc++";
				CLANG_ENABLE_MODULES = YES;
				CLANG_ENABLE_OBJC_ARC = YES;
				CLANG_WARN_BOOL_CONVERSION = YES;
				CLANG_WARN_CONSTANT_CONVERSION = YES;
				CLANG_WARN_DIRECT_OBJC_ISA_USAGE = YES_ERROR;
				CLANG_WARN_DOCUMENTATION_COMMENTS = YES;
				CLANG_WARN_EMPTY_BODY = YES;
				CLANG_WARN_ENUM_CONVERSION = YES;
				CLANG_WARN_INFINITE_RECURSION = YES;
				CLANG_WARN_INT_CONVERSION = YES;
				CLANG_WARN_OBJC_ROOT_CLASS = YES_ERROR;
				CLANG_WARN_SUSPICIOUS_MOVE = YES;
				CLANG_WARN_UNREACHABLE_CODE = YES;
				CLANG_WARN__DUPLICATE_METHOD_MATCH = YES;
				CODE_SIGN_IDENTITY = "-";
				COPY_PHASE_STRIP = NO;
				DEBUG_INFORMATION_FORMAT = "dwarf-with-dsym";
				ENABLE_NS_ASSERTIONS = NO;
				ENABLE_STRICT_OBJC_MSGSEND = YES;
				GCC_C_LANGUAGE_STANDARD = gnu99;
				GCC_NO_COMMON_BLOCKS = YES;
				GCC_WARN_64_TO_32_BIT_CONVERSION = YES;
				GCC_WARN_ABOUT_RETURN_TYPE = YES_ERROR;
				GCC_WARN_UNDECLARED_SELECTOR = YES;
				GCC_WARN_UNINITIALIZED_AUTOS = YES_AGGRESSIVE;
				GCC_WARN_UNUSED_FUNCTION = YES;
				GCC_WARN_UNUSED_VARIABLE = YES;
				MACOSX_DEPLOYMENT_TARGET = 10.12;
				MTL_ENABLE_DEBUG_INFO = NO;
				SDKROOT = macosx;
			};
			name = Release;
		};
		3105FAFC1E86CCFE0019573D /* Debug */ = {
			isa = XCBuildConfiguration;
			baseConfigurationReference = 3105FB091E88550E0019573D /* testProcessor.xcconfig */;
			buildSettings = {
				PRODUCT_NAME = "$(TARGET_NAME)";
			};
			name = Debug;
		};
		3105FAFD1E86CCFE0019573D /* Release */ = {
			isa = XCBuildConfiguration;
			baseConfigurationReference = 3105FB091E88550E0019573D /* testProcessor.xcconfig */;
			buildSettings = {
				PRODUCT_NAME = "$(TARGET_NAME)";
			};
			name = Release;
		};
/* End XCBuildConfiguration section */

/* Begin XCConfigurationList section */
		3105FAEF1E86CCFD0019573D /* Build configuration list for PBXProject "FFTWrapper" */ = {
			isa = XCConfigurationList;
			buildConfigurations = (
				3105FAF91E86CCFE0019573D /* Debug */,
				3105FAFA1E86CCFE0019573D /* Release */,
			);
			defaultConfigurationIsVisible = 0;
			defaultConfigurationName = Release;
		};
		3105FAFB1E86CCFE0019573D /* Build configuration list for PBXNativeTarget "FFTWrapper" */ = {
			isa = XCConfigurationList;
			buildConfigurations = (
				3105FAFC1E86CCFE0019573D /* Debug */,
				3105FAFD1E86CCFE0019573D /* Release */,
			);
			defaultConfigurationIsVisible = 0;
			defaultConfigurationName = Release;
		};
/* End XCConfigurationList section */
	};
	rootObject = 3105FAEC1E86CCFD0019573D /* Project object */;
}
